
Microsoft Visual Studio Solution File, Format Version 12.00
# Visual Studio 15
VisualStudioVersion = 15.0.28010.2041
MinimumVisualStudioVersion = 10.0.40219.1
Project("{8BC9CEB8-8B4A-11D0-8D11-00A0C91BC942}") = "xvulkan1_test", "xvulkan1\xvulkan1.vcxproj", "{145022A8-7B53-483C-99D8-7C78AFE60E7F}"
EndProject
Project("{8BC9CEB8-8B4A-11D0-8D11-00A0C91BC942}") = "xvulkan2_validationLayers", "xvulkan2_validationLayers\xvulkan2_validationLayers.vcxproj", "{776D3DFB-26F6-4970-AA17-6FA505391266}"
EndProject
Project("{8BC9CEB8-8B4A-11D0-8D11-00A0C91BC942}") = "xvulkan3_physicalDevice", "xvulkan3_physicalDevice\xvulkan3_physicalDevice.vcxproj", "{A86A1B73-4C7A-4449-90DB-9E279B888F02}"
EndProject
Project("{8BC9CEB8-8B4A-11D0-8D11-00A0C91BC942}") = "xvulkan4_logicalDevice", "xvulkan4_LogicalDevice\xvulkan4_LogicalDevice.vcxproj", "{9893F7DD-525A-4ED7-8AE6-8A274AAC1629}"
EndProject
Project("{8BC9CEB8-8B4A-11D0-8D11-00A0C91BC942}") = "xvulkan5_windowSurface", "xvulkan5_windowSurface\xvulkan5_windowSurface.vcxproj", "{78DB562D-81A7-4C3C-984C-9ABFC8634023}"
EndProject
Project("{8BC9CEB8-8B4A-11D0-8D11-00A0C91BC942}") = "xvulkan6_swapChain", "xvulkan6_swapChain\xvulkan6_swapChain.vcxproj", "{A5634361-54EC-4745-B8F2-A90B87226C54}"
EndProject
Project("{8BC9CEB8-8B4A-11D0-8D11-00A0C91BC942}") = "xvulkan7_imageView", "xvulkan7_imageView\xvulkan7_imageView.vcxproj", "{1B4EA34F-DEDE-4BBF-ADDC-4B8A605E9057}"
EndProject
Project("{8BC9CEB8-8B4A-11D0-8D11-00A0C91BC942}") = "xvulkan8_pipeline", "xvulkan8_pipeline\xvulkan8_pipeline.vcxproj", "{A3302734-3D26-4089-B444-88102B46012D}"
EndProject
Project("{8BC9CEB8-8B4A-11D0-8D11-00A0C91BC942}") = "xvulkan9_framebuffer", "xvulkan9_framebuffer\xvulkan9_framebuffer.vcxproj", "{721BFE53-4208-46F2-8532-ADBDBCCB5076}"
EndProject
Project("{8BC9CEB8-8B4A-11D0-8D11-00A0C91BC942}") = "xvulkana_commandBuffer", "xvulkana_commandBuffer\xvulkana_commandBuffer.vcxproj", "{F4663269-2F7F-42AA-8615-804A1B81780C}"
EndProject
Project("{8BC9CEB8-8B4A-11D0-8D11-00A0C91BC942}") = "xvulkanb_renderingAndPresentation", "xvulkanb_renderingAndPresentation\xvulkanb_renderingAndPresentation.vcxproj", "{165295A0-60BE-4E87-A970-07C876E2087B}"
EndProject
Project("{8BC9CEB8-8B4A-11D0-8D11-00A0C91BC942}") = "xvulkanc_recreateSwapChain", "xvulkanc_recreateSwapChain\xvulkanc_recreateSwapChain.vcxproj", "{B02368C0-5E95-4AFE-AA87-02172B516DE0}"
EndProject
Project("{8BC9CEB8-8B4A-11D0-8D11-00A0C91BC942}") = "xvulkand_vertexBuffer", "xvulkand_vertexBuffer\xvulkand_vertexBuffer.vcxproj", "{823B4448-E108-4423-BF5E-093984809EAD}"
EndProject
Project("{8BC9CEB8-8B4A-11D0-8D11-00A0C91BC942}") = "xvulkane_stagingBuffer", "xvulkane_stagingBuffer\xvulkane_stagingBuffer.vcxproj", "{A98792BC-DB62-46F6-81CE-0E1008B79777}"
EndProject
Project("{8BC9CEB8-8B4A-11D0-8D11-00A0C91BC942}") = "xvulkanf_indexBuffer", "xvulkanf_indexBuffer\xvulkanf_indexBuffer.vcxproj", "{146D4D1E-5E19-4E84-AD05-5EC088E5A213}"
EndProject
Project("{8BC9CEB8-8B4A-11D0-8D11-00A0C91BC942}") = "xvulkang_descriptorLayoutBuffer", "xvulkang_descriptorLayoutBuffer\xvulkang_descriptorLayoutBuffer.vcxproj", "{7F85CCC7-5307-4506-92D6-D50E6A364EE3}"
EndProject
Project("{8BC9CEB8-8B4A-11D0-8D11-00A0C91BC942}") = "xvulkanh_images", "xvulkanh_images\xvulkanh_images.vcxproj", "{FD116551-565F-4788-A2A0-6F0F8673F816}"
EndProject
Project("{8BC9CEB8-8B4A-11D0-8D11-00A0C91BC942}") = "xvulkani_imageViewSampler", "xvulkani_imageViewSampler\xvulkani_imageViewSampler.vcxproj", "{E2F5E4E3-1609-4882-AAFA-243CA8FD6449}"
EndProject
Project("{8BC9CEB8-8B4A-11D0-8D11-00A0C91BC942}") = "xvulkanj_combineSampler", "xvulkanj_combineSampler\xvulkanj_combineSampler.vcxproj", "{5DCC46BD-5A49-4F8F-BC66-0F00F0FBDE2D}"
EndProject
Project("{8BC9CEB8-8B4A-11D0-8D11-00A0C91BC942}") = "xvulkank_depthBuffer", "xvulkank_depthBuffer\xvulkank_depthBuffer.vcxproj", "{4458B313-218A-48CF-AE53-BC8FC170D00B}"
EndProject
Project("{8BC9CEB8-8B4A-11D0-8D11-00A0C91BC942}") = "xvulkanl_loadModel", "xvulkanl_loadModel\xvulkanl_loadModel.vcxproj", "{3C23A27C-AD53-4939-9B00-1DDC45DCE3FE}"
EndProject
Global
	GlobalSection(SolutionConfigurationPlatforms) = preSolution
		Debug|x64 = Debug|x64
		Debug|x86 = Debug|x86
		Release|x64 = Release|x64
		Release|x86 = Release|x86
	EndGlobalSection
	GlobalSection(ProjectConfigurationPlatforms) = postSolution
		{145022A8-7B53-483C-99D8-7C78AFE60E7F}.Debug|x64.ActiveCfg = Debug|x64
		{145022A8-7B53-483C-99D8-7C78AFE60E7F}.Debug|x64.Build.0 = Debug|x64
		{145022A8-7B53-483C-99D8-7C78AFE60E7F}.Debug|x86.ActiveCfg = Debug|Win32
		{145022A8-7B53-483C-99D8-7C78AFE60E7F}.Debug|x86.Build.0 = Debug|Win32
		{145022A8-7B53-483C-99D8-7C78AFE60E7F}.Release|x64.ActiveCfg = Release|x64
		{145022A8-7B53-483C-99D8-7C78AFE60E7F}.Release|x64.Build.0 = Release|x64
		{145022A8-7B53-483C-99D8-7C78AFE60E7F}.Release|x86.ActiveCfg = Release|Win32
		{145022A8-7B53-483C-99D8-7C78AFE60E7F}.Release|x86.Build.0 = Release|Win32
		{776D3DFB-26F6-4970-AA17-6FA505391266}.Debug|x64.ActiveCfg = Debug|x64
		{776D3DFB-26F6-4970-AA17-6FA505391266}.Debug|x64.Build.0 = Debug|x64
		{776D3DFB-26F6-4970-AA17-6FA505391266}.Debug|x86.ActiveCfg = Debug|Win32
		{776D3DFB-26F6-4970-AA17-6FA505391266}.Debug|x86.Build.0 = Debug|Win32
		{776D3DFB-26F6-4970-AA17-6FA505391266}.Release|x64.ActiveCfg = Release|x64
		{776D3DFB-26F6-4970-AA17-6FA505391266}.Release|x64.Build.0 = Release|x64
		{776D3DFB-26F6-4970-AA17-6FA505391266}.Release|x86.ActiveCfg = Release|Win32
		{776D3DFB-26F6-4970-AA17-6FA505391266}.Release|x86.Build.0 = Release|Win32
		{A86A1B73-4C7A-4449-90DB-9E279B888F02}.Debug|x64.ActiveCfg = Debug|x64
		{A86A1B73-4C7A-4449-90DB-9E279B888F02}.Debug|x64.Build.0 = Debug|x64
		{A86A1B73-4C7A-4449-90DB-9E279B888F02}.Debug|x86.ActiveCfg = Debug|Win32
		{A86A1B73-4C7A-4449-90DB-9E279B888F02}.Debug|x86.Build.0 = Debug|Win32
		{A86A1B73-4C7A-4449-90DB-9E279B888F02}.Release|x64.ActiveCfg = Release|x64
		{A86A1B73-4C7A-4449-90DB-9E279B888F02}.Release|x64.Build.0 = Release|x64
		{A86A1B73-4C7A-4449-90DB-9E279B888F02}.Release|x86.ActiveCfg = Release|Win32
		{A86A1B73-4C7A-4449-90DB-9E279B888F02}.Release|x86.Build.0 = Release|Win32
		{9893F7DD-525A-4ED7-8AE6-8A274AAC1629}.Debug|x64.ActiveCfg = Debug|x64
		{9893F7DD-525A-4ED7-8AE6-8A274AAC1629}.Debug|x64.Build.0 = Debug|x64
		{9893F7DD-525A-4ED7-8AE6-8A274AAC1629}.Debug|x86.ActiveCfg = Debug|Win32
		{9893F7DD-525A-4ED7-8AE6-8A274AAC1629}.Debug|x86.Build.0 = Debug|Win32
		{9893F7DD-525A-4ED7-8AE6-8A274AAC1629}.Release|x64.ActiveCfg = Release|x64
		{9893F7DD-525A-4ED7-8AE6-8A274AAC1629}.Release|x64.Build.0 = Release|x64
		{9893F7DD-525A-4ED7-8AE6-8A274AAC1629}.Release|x86.ActiveCfg = Release|Win32
		{9893F7DD-525A-4ED7-8AE6-8A274AAC1629}.Release|x86.Build.0 = Release|Win32
		{78DB562D-81A7-4C3C-984C-9ABFC8634023}.Debug|x64.ActiveCfg = Debug|x64
		{78DB562D-81A7-4C3C-984C-9ABFC8634023}.Debug|x64.Build.0 = Debug|x64
		{78DB562D-81A7-4C3C-984C-9ABFC8634023}.Debug|x86.ActiveCfg = Debug|Win32
		{78DB562D-81A7-4C3C-984C-9ABFC8634023}.Debug|x86.Build.0 = Debug|Win32
		{78DB562D-81A7-4C3C-984C-9ABFC8634023}.Release|x64.ActiveCfg = Release|x64
		{78DB562D-81A7-4C3C-984C-9ABFC8634023}.Release|x64.Build.0 = Release|x64
		{78DB562D-81A7-4C3C-984C-9ABFC8634023}.Release|x86.ActiveCfg = Release|Win32
		{78DB562D-81A7-4C3C-984C-9ABFC8634023}.Release|x86.Build.0 = Release|Win32
		{A5634361-54EC-4745-B8F2-A90B87226C54}.Debug|x64.ActiveCfg = Debug|x64
		{A5634361-54EC-4745-B8F2-A90B87226C54}.Debug|x64.Build.0 = Debug|x64
		{A5634361-54EC-4745-B8F2-A90B87226C54}.Debug|x86.ActiveCfg = Debug|Win32
		{A5634361-54EC-4745-B8F2-A90B87226C54}.Debug|x86.Build.0 = Debug|Win32
		{A5634361-54EC-4745-B8F2-A90B87226C54}.Release|x64.ActiveCfg = Release|x64
		{A5634361-54EC-4745-B8F2-A90B87226C54}.Release|x64.Build.0 = Release|x64
		{A5634361-54EC-4745-B8F2-A90B87226C54}.Release|x86.ActiveCfg = Release|Win32
		{A5634361-54EC-4745-B8F2-A90B87226C54}.Release|x86.Build.0 = Release|Win32
		{1B4EA34F-DEDE-4BBF-ADDC-4B8A605E9057}.Debug|x64.ActiveCfg = Debug|x64
		{1B4EA34F-DEDE-4BBF-ADDC-4B8A605E9057}.Debug|x64.Build.0 = Debug|x64
		{1B4EA34F-DEDE-4BBF-ADDC-4B8A605E9057}.Debug|x86.ActiveCfg = Debug|Win32
		{1B4EA34F-DEDE-4BBF-ADDC-4B8A605E9057}.Debug|x86.Build.0 = Debug|Win32
		{1B4EA34F-DEDE-4BBF-ADDC-4B8A605E9057}.Release|x64.ActiveCfg = Release|x64
		{1B4EA34F-DEDE-4BBF-ADDC-4B8A605E9057}.Release|x64.Build.0 = Release|x64
		{1B4EA34F-DEDE-4BBF-ADDC-4B8A605E9057}.Release|x86.ActiveCfg = Release|Win32
		{1B4EA34F-DEDE-4BBF-ADDC-4B8A605E9057}.Release|x86.Build.0 = Release|Win32
		{A3302734-3D26-4089-B444-88102B46012D}.Debug|x64.ActiveCfg = Debug|x64
		{A3302734-3D26-4089-B444-88102B46012D}.Debug|x64.Build.0 = Debug|x64
		{A3302734-3D26-4089-B444-88102B46012D}.Debug|x86.ActiveCfg = Debug|Win32
		{A3302734-3D26-4089-B444-88102B46012D}.Debug|x86.Build.0 = Debug|Win32
		{A3302734-3D26-4089-B444-88102B46012D}.Release|x64.ActiveCfg = Release|x64
		{A3302734-3D26-4089-B444-88102B46012D}.Release|x64.Build.0 = Release|x64
		{A3302734-3D26-4089-B444-88102B46012D}.Release|x86.ActiveCfg = Release|Win32
		{A3302734-3D26-4089-B444-88102B46012D}.Release|x86.Build.0 = Release|Win32
		{721BFE53-4208-46F2-8532-ADBDBCCB5076}.Debug|x64.ActiveCfg = Debug|x64
		{721BFE53-4208-46F2-8532-ADBDBCCB5076}.Debug|x64.Build.0 = Debug|x64
		{721BFE53-4208-46F2-8532-ADBDBCCB5076}.Debug|x86.ActiveCfg = Debug|Win32
		{721BFE53-4208-46F2-8532-ADBDBCCB5076}.Debug|x86.Build.0 = Debug|Win32
		{721BFE53-4208-46F2-8532-ADBDBCCB5076}.Release|x64.ActiveCfg = Release|x64
		{721BFE53-4208-46F2-8532-ADBDBCCB5076}.Release|x64.Build.0 = Release|x64
		{721BFE53-4208-46F2-8532-ADBDBCCB5076}.Release|x86.ActiveCfg = Release|Win32
		{721BFE53-4208-46F2-8532-ADBDBCCB5076}.Release|x86.Build.0 = Release|Win32
		{F4663269-2F7F-42AA-8615-804A1B81780C}.Debug|x64.ActiveCfg = Debug|x64
		{F4663269-2F7F-42AA-8615-804A1B81780C}.Debug|x64.Build.0 = Debug|x64
		{F4663269-2F7F-42AA-8615-804A1B81780C}.Debug|x86.ActiveCfg = Debug|Win32
		{F4663269-2F7F-42AA-8615-804A1B81780C}.Debug|x86.Build.0 = Debug|Win32
		{F4663269-2F7F-42AA-8615-804A1B81780C}.Release|x64.ActiveCfg = Release|x64
		{F4663269-2F7F-42AA-8615-804A1B81780C}.Release|x64.Build.0 = Release|x64
		{F4663269-2F7F-42AA-8615-804A1B81780C}.Release|x86.ActiveCfg = Release|Win32
		{F4663269-2F7F-42AA-8615-804A1B81780C}.Release|x86.Build.0 = Release|Win32
		{165295A0-60BE-4E87-A970-07C876E2087B}.Debug|x64.ActiveCfg = Debug|x64
		{165295A0-60BE-4E87-A970-07C876E2087B}.Debug|x64.Build.0 = Debug|x64
		{165295A0-60BE-4E87-A970-07C876E2087B}.Debug|x86.ActiveCfg = Debug|Win32
		{165295A0-60BE-4E87-A970-07C876E2087B}.Debug|x86.Build.0 = Debug|Win32
		{165295A0-60BE-4E87-A970-07C876E2087B}.Release|x64.ActiveCfg = Release|x64
		{165295A0-60BE-4E87-A970-07C876E2087B}.Release|x64.Build.0 = Release|x64
		{165295A0-60BE-4E87-A970-07C876E2087B}.Release|x86.ActiveCfg = Release|Win32
		{165295A0-60BE-4E87-A970-07C876E2087B}.Release|x86.Build.0 = Release|Win32
		{B02368C0-5E95-4AFE-AA87-02172B516DE0}.Debug|x64.ActiveCfg = Debug|x64
		{B02368C0-5E95-4AFE-AA87-02172B516DE0}.Debug|x64.Build.0 = Debug|x64
		{B02368C0-5E95-4AFE-AA87-02172B516DE0}.Debug|x86.ActiveCfg = Debug|Win32
		{B02368C0-5E95-4AFE-AA87-02172B516DE0}.Debug|x86.Build.0 = Debug|Win32
		{B02368C0-5E95-4AFE-AA87-02172B516DE0}.Release|x64.ActiveCfg = Release|x64
		{B02368C0-5E95-4AFE-AA87-02172B516DE0}.Release|x64.Build.0 = Release|x64
		{B02368C0-5E95-4AFE-AA87-02172B516DE0}.Release|x86.ActiveCfg = Release|Win32
		{B02368C0-5E95-4AFE-AA87-02172B516DE0}.Release|x86.Build.0 = Release|Win32
		{823B4448-E108-4423-BF5E-093984809EAD}.Debug|x64.ActiveCfg = Debug|x64
		{823B4448-E108-4423-BF5E-093984809EAD}.Debug|x64.Build.0 = Debug|x64
		{823B4448-E108-4423-BF5E-093984809EAD}.Debug|x86.ActiveCfg = Debug|Win32
		{823B4448-E108-4423-BF5E-093984809EAD}.Debug|x86.Build.0 = Debug|Win32
		{823B4448-E108-4423-BF5E-093984809EAD}.Release|x64.ActiveCfg = Release|x64
		{823B4448-E108-4423-BF5E-093984809EAD}.Release|x64.Build.0 = Release|x64
		{823B4448-E108-4423-BF5E-093984809EAD}.Release|x86.ActiveCfg = Release|Win32
		{823B4448-E108-4423-BF5E-093984809EAD}.Release|x86.Build.0 = Release|Win32
		{A98792BC-DB62-46F6-81CE-0E1008B79777}.Debug|x64.ActiveCfg = Debug|x64
		{A98792BC-DB62-46F6-81CE-0E1008B79777}.Debug|x64.Build.0 = Debug|x64
		{A98792BC-DB62-46F6-81CE-0E1008B79777}.Debug|x86.ActiveCfg = Debug|Win32
		{A98792BC-DB62-46F6-81CE-0E1008B79777}.Debug|x86.Build.0 = Debug|Win32
		{A98792BC-DB62-46F6-81CE-0E1008B79777}.Release|x64.ActiveCfg = Release|x64
		{A98792BC-DB62-46F6-81CE-0E1008B79777}.Release|x64.Build.0 = Release|x64
		{A98792BC-DB62-46F6-81CE-0E1008B79777}.Release|x86.ActiveCfg = Release|Win32
		{A98792BC-DB62-46F6-81CE-0E1008B79777}.Release|x86.Build.0 = Release|Win32
		{146D4D1E-5E19-4E84-AD05-5EC088E5A213}.Debug|x64.ActiveCfg = Debug|x64
		{146D4D1E-5E19-4E84-AD05-5EC088E5A213}.Debug|x64.Build.0 = Debug|x64
		{146D4D1E-5E19-4E84-AD05-5EC088E5A213}.Debug|x86.ActiveCfg = Debug|Win32
		{146D4D1E-5E19-4E84-AD05-5EC088E5A213}.Debug|x86.Build.0 = Debug|Win32
		{146D4D1E-5E19-4E84-AD05-5EC088E5A213}.Release|x64.ActiveCfg = Release|x64
		{146D4D1E-5E19-4E84-AD05-5EC088E5A213}.Release|x64.Build.0 = Release|x64
		{146D4D1E-5E19-4E84-AD05-5EC088E5A213}.Release|x86.ActiveCfg = Release|Win32
		{146D4D1E-5E19-4E84-AD05-5EC088E5A213}.Release|x86.Build.0 = Release|Win32
		{7F85CCC7-5307-4506-92D6-D50E6A364EE3}.Debug|x64.ActiveCfg = Debug|x64
		{7F85CCC7-5307-4506-92D6-D50E6A364EE3}.Debug|x64.Build.0 = Debug|x64
		{7F85CCC7-5307-4506-92D6-D50E6A364EE3}.Debug|x86.ActiveCfg = Debug|Win32
		{7F85CCC7-5307-4506-92D6-D50E6A364EE3}.Debug|x86.Build.0 = Debug|Win32
		{7F85CCC7-5307-4506-92D6-D50E6A364EE3}.Release|x64.ActiveCfg = Release|x64
		{7F85CCC7-5307-4506-92D6-D50E6A364EE3}.Release|x64.Build.0 = Release|x64
		{7F85CCC7-5307-4506-92D6-D50E6A364EE3}.Release|x86.ActiveCfg = Release|Win32
		{7F85CCC7-5307-4506-92D6-D50E6A364EE3}.Release|x86.Build.0 = Release|Win32
		{FD116551-565F-4788-A2A0-6F0F8673F816}.Debug|x64.ActiveCfg = Debug|x64
		{FD116551-565F-4788-A2A0-6F0F8673F816}.Debug|x64.Build.0 = Debug|x64
		{FD116551-565F-4788-A2A0-6F0F8673F816}.Debug|x86.ActiveCfg = Debug|Win32
		{FD116551-565F-4788-A2A0-6F0F8673F816}.Debug|x86.Build.0 = Debug|Win32
		{FD116551-565F-4788-A2A0-6F0F8673F816}.Release|x64.ActiveCfg = Release|x64
		{FD116551-565F-4788-A2A0-6F0F8673F816}.Release|x64.Build.0 = Release|x64
		{FD116551-565F-4788-A2A0-6F0F8673F816}.Release|x86.ActiveCfg = Release|Win32
		{FD116551-565F-4788-A2A0-6F0F8673F816}.Release|x86.Build.0 = Release|Win32
		{E2F5E4E3-1609-4882-AAFA-243CA8FD6449}.Debug|x64.ActiveCfg = Debug|x64
		{E2F5E4E3-1609-4882-AAFA-243CA8FD6449}.Debug|x64.Build.0 = Debug|x64
		{E2F5E4E3-1609-4882-AAFA-243CA8FD6449}.Debug|x86.ActiveCfg = Debug|Win32
		{E2F5E4E3-1609-4882-AAFA-243CA8FD6449}.Debug|x86.Build.0 = Debug|Win32
		{E2F5E4E3-1609-4882-AAFA-243CA8FD6449}.Release|x64.ActiveCfg = Release|x64
		{E2F5E4E3-1609-4882-AAFA-243CA8FD6449}.Release|x64.Build.0 = Release|x64
		{E2F5E4E3-1609-4882-AAFA-243CA8FD6449}.Release|x86.ActiveCfg = Release|Win32
		{E2F5E4E3-1609-4882-AAFA-243CA8FD6449}.Release|x86.Build.0 = Release|Win32
		{5DCC46BD-5A49-4F8F-BC66-0F00F0FBDE2D}.Debug|x64.ActiveCfg = Debug|x64
		{5DCC46BD-5A49-4F8F-BC66-0F00F0FBDE2D}.Debug|x64.Build.0 = Debug|x64
		{5DCC46BD-5A49-4F8F-BC66-0F00F0FBDE2D}.Debug|x86.ActiveCfg = Debug|Win32
		{5DCC46BD-5A49-4F8F-BC66-0F00F0FBDE2D}.Debug|x86.Build.0 = Debug|Win32
		{5DCC46BD-5A49-4F8F-BC66-0F00F0FBDE2D}.Release|x64.ActiveCfg = Release|x64
		{5DCC46BD-5A49-4F8F-BC66-0F00F0FBDE2D}.Release|x64.Build.0 = Release|x64
		{5DCC46BD-5A49-4F8F-BC66-0F00F0FBDE2D}.Release|x86.ActiveCfg = Release|Win32
		{5DCC46BD-5A49-4F8F-BC66-0F00F0FBDE2D}.Release|x86.Build.0 = Release|Win32
		{4458B313-218A-48CF-AE53-BC8FC170D00B}.Debug|x64.ActiveCfg = Debug|x64
		{4458B313-218A-48CF-AE53-BC8FC170D00B}.Debug|x64.Build.0 = Debug|x64
		{4458B313-218A-48CF-AE53-BC8FC170D00B}.Debug|x86.ActiveCfg = Debug|Win32
		{4458B313-218A-48CF-AE53-BC8FC170D00B}.Debug|x86.Build.0 = Debug|Win32
		{4458B313-218A-48CF-AE53-BC8FC170D00B}.Release|x64.ActiveCfg = Release|x64
		{4458B313-218A-48CF-AE53-BC8FC170D00B}.Release|x64.Build.0 = Release|x64
		{4458B313-218A-48CF-AE53-BC8FC170D00B}.Release|x86.ActiveCfg = Release|Win32
		{4458B313-218A-48CF-AE53-BC8FC170D00B}.Release|x86.Build.0 = Release|Win32
		{3C23A27C-AD53-4939-9B00-1DDC45DCE3FE}.Debug|x64.ActiveCfg = Debug|x64
		{3C23A27C-AD53-4939-9B00-1DDC45DCE3FE}.Debug|x64.Build.0 = Debug|x64
		{3C23A27C-AD53-4939-9B00-1DDC45DCE3FE}.Debug|x86.ActiveCfg = Debug|Win32
		{3C23A27C-AD53-4939-9B00-1DDC45DCE3FE}.Debug|x86.Build.0 = Debug|Win32
		{3C23A27C-AD53-4939-9B00-1DDC45DCE3FE}.Release|x64.ActiveCfg = Release|x64
		{3C23A27C-AD53-4939-9B00-1DDC45DCE3FE}.Release|x64.Build.0 = Release|x64
		{3C23A27C-AD53-4939-9B00-1DDC45DCE3FE}.Release|x86.ActiveCfg = Release|Win32
		{3C23A27C-AD53-4939-9B00-1DDC45DCE3FE}.Release|x86.Build.0 = Release|Win32
	EndGlobalSection
	GlobalSection(SolutionProperties) = preSolution
		HideSolutionNode = FALSE
	EndGlobalSection
	GlobalSection(ExtensibilityGlobals) = postSolution
		SolutionGuid = {470CD3A6-8D74-43A0-A854-85741BF2A016}
	EndGlobalSection
EndGlobal
