
Microsoft Visual Studio Solution File, Format Version 12.00
# Visual Studio 15
VisualStudioVersion = 15.0.28010.2041
MinimumVisualStudioVersion = 10.0.40219.1
Project("{8BC9CEB8-8B4A-11D0-8D11-00A0C91BC942}") = "xvulkan1_test", "xvulkan1\xvulkan1.vcxproj", "{145022A8-7B53-483C-99D8-7C78AFE60E7F}"
EndProject
Project("{8BC9CEB8-8B4A-11D0-8D11-00A0C91BC942}") = "xvulkan2_validationLayers", "xvulkan2_validationLayers\xvulkan2_validationLayers.vcxproj", "{776D3DFB-26F6-4970-AA17-6FA505391266}"
EndProject
Project("{8BC9CEB8-8B4A-11D0-8D11-00A0C91BC942}") = "xvulkan3_physicalDevice", "xvulkan3_physicalDevice\xvulkan3_physicalDevice.vcxproj", "{A86A1B73-4C7A-4449-90DB-9E279B888F02}"
EndProject
Project("{8BC9CEB8-8B4A-11D0-8D11-00A0C91BC942}") = "xvulkan4_logicalDevice", "xvulkan4_LogicalDevice\xvulkan4_LogicalDevice.vcxproj", "{9893F7DD-525A-4ED7-8AE6-8A274AAC1629}"
EndProject
Project("{8BC9CEB8-8B4A-11D0-8D11-00A0C91BC942}") = "xvulkan5_windowSurface", "xvulkan5_windowSurface\xvulkan5_windowSurface.vcxproj", "{78DB562D-81A7-4C3C-984C-9ABFC8634023}"
EndProject
Project("{8BC9CEB8-8B4A-11D0-8D11-00A0C91BC942}") = "xvulkan6_swapChain", "xvulkan6_swapChain\xvulkan6_swapChain.vcxproj", "{A5634361-54EC-4745-B8F2-A90B87226C54}"
EndProject
Project("{8BC9CEB8-8B4A-11D0-8D11-00A0C91BC942}") = "xvulkan7_imageView", "xvulkan7_imageView\xvulkan7_imageView.vcxproj", "{1B4EA34F-DEDE-4BBF-ADDC-4B8A605E9057}"
EndProject
Global
	GlobalSection(SolutionConfigurationPlatforms) = preSolution
		Debug|x64 = Debug|x64
		Debug|x86 = Debug|x86
		Release|x64 = Release|x64
		Release|x86 = Release|x86
	EndGlobalSection
	GlobalSection(ProjectConfigurationPlatforms) = postSolution
		{145022A8-7B53-483C-99D8-7C78AFE60E7F}.Debug|x64.ActiveCfg = Debug|x64
		{145022A8-7B53-483C-99D8-7C78AFE60E7F}.Debug|x64.Build.0 = Debug|x64
		{145022A8-7B53-483C-99D8-7C78AFE60E7F}.Debug|x86.ActiveCfg = Debug|Win32
		{145022A8-7B53-483C-99D8-7C78AFE60E7F}.Debug|x86.Build.0 = Debug|Win32
		{145022A8-7B53-483C-99D8-7C78AFE60E7F}.Release|x64.ActiveCfg = Release|x64
		{145022A8-7B53-483C-99D8-7C78AFE60E7F}.Release|x64.Build.0 = Release|x64
		{145022A8-7B53-483C-99D8-7C78AFE60E7F}.Release|x86.ActiveCfg = Release|Win32
		{145022A8-7B53-483C-99D8-7C78AFE60E7F}.Release|x86.Build.0 = Release|Win32
		{776D3DFB-26F6-4970-AA17-6FA505391266}.Debug|x64.ActiveCfg = Debug|x64
		{776D3DFB-26F6-4970-AA17-6FA505391266}.Debug|x64.Build.0 = Debug|x64
		{776D3DFB-26F6-4970-AA17-6FA505391266}.Debug|x86.ActiveCfg = Debug|Win32
		{776D3DFB-26F6-4970-AA17-6FA505391266}.Debug|x86.Build.0 = Debug|Win32
		{776D3DFB-26F6-4970-AA17-6FA505391266}.Release|x64.ActiveCfg = Release|x64
		{776D3DFB-26F6-4970-AA17-6FA505391266}.Release|x64.Build.0 = Release|x64
		{776D3DFB-26F6-4970-AA17-6FA505391266}.Release|x86.ActiveCfg = Release|Win32
		{776D3DFB-26F6-4970-AA17-6FA505391266}.Release|x86.Build.0 = Release|Win32
		{A86A1B73-4C7A-4449-90DB-9E279B888F02}.Debug|x64.ActiveCfg = Debug|x64
		{A86A1B73-4C7A-4449-90DB-9E279B888F02}.Debug|x64.Build.0 = Debug|x64
		{A86A1B73-4C7A-4449-90DB-9E279B888F02}.Debug|x86.ActiveCfg = Debug|Win32
		{A86A1B73-4C7A-4449-90DB-9E279B888F02}.Debug|x86.Build.0 = Debug|Win32
		{A86A1B73-4C7A-4449-90DB-9E279B888F02}.Release|x64.ActiveCfg = Release|x64
		{A86A1B73-4C7A-4449-90DB-9E279B888F02}.Release|x64.Build.0 = Release|x64
		{A86A1B73-4C7A-4449-90DB-9E279B888F02}.Release|x86.ActiveCfg = Release|Win32
		{A86A1B73-4C7A-4449-90DB-9E279B888F02}.Release|x86.Build.0 = Release|Win32
		{9893F7DD-525A-4ED7-8AE6-8A274AAC1629}.Debug|x64.ActiveCfg = Debug|x64
		{9893F7DD-525A-4ED7-8AE6-8A274AAC1629}.Debug|x64.Build.0 = Debug|x64
		{9893F7DD-525A-4ED7-8AE6-8A274AAC1629}.Debug|x86.ActiveCfg = Debug|Win32
		{9893F7DD-525A-4ED7-8AE6-8A274AAC1629}.Debug|x86.Build.0 = Debug|Win32
		{9893F7DD-525A-4ED7-8AE6-8A274AAC1629}.Release|x64.ActiveCfg = Release|x64
		{9893F7DD-525A-4ED7-8AE6-8A274AAC1629}.Release|x64.Build.0 = Release|x64
		{9893F7DD-525A-4ED7-8AE6-8A274AAC1629}.Release|x86.ActiveCfg = Release|Win32
		{9893F7DD-525A-4ED7-8AE6-8A274AAC1629}.Release|x86.Build.0 = Release|Win32
		{78DB562D-81A7-4C3C-984C-9ABFC8634023}.Debug|x64.ActiveCfg = Debug|x64
		{78DB562D-81A7-4C3C-984C-9ABFC8634023}.Debug|x64.Build.0 = Debug|x64
		{78DB562D-81A7-4C3C-984C-9ABFC8634023}.Debug|x86.ActiveCfg = Debug|Win32
		{78DB562D-81A7-4C3C-984C-9ABFC8634023}.Debug|x86.Build.0 = Debug|Win32
		{78DB562D-81A7-4C3C-984C-9ABFC8634023}.Release|x64.ActiveCfg = Release|x64
		{78DB562D-81A7-4C3C-984C-9ABFC8634023}.Release|x64.Build.0 = Release|x64
		{78DB562D-81A7-4C3C-984C-9ABFC8634023}.Release|x86.ActiveCfg = Release|Win32
		{78DB562D-81A7-4C3C-984C-9ABFC8634023}.Release|x86.Build.0 = Release|Win32
		{A5634361-54EC-4745-B8F2-A90B87226C54}.Debug|x64.ActiveCfg = Debug|x64
		{A5634361-54EC-4745-B8F2-A90B87226C54}.Debug|x64.Build.0 = Debug|x64
		{A5634361-54EC-4745-B8F2-A90B87226C54}.Debug|x86.ActiveCfg = Debug|Win32
		{A5634361-54EC-4745-B8F2-A90B87226C54}.Debug|x86.Build.0 = Debug|Win32
		{A5634361-54EC-4745-B8F2-A90B87226C54}.Release|x64.ActiveCfg = Release|x64
		{A5634361-54EC-4745-B8F2-A90B87226C54}.Release|x64.Build.0 = Release|x64
		{A5634361-54EC-4745-B8F2-A90B87226C54}.Release|x86.ActiveCfg = Release|Win32
		{A5634361-54EC-4745-B8F2-A90B87226C54}.Release|x86.Build.0 = Release|Win32
		{1B4EA34F-DEDE-4BBF-ADDC-4B8A605E9057}.Debug|x64.ActiveCfg = Debug|x64
		{1B4EA34F-DEDE-4BBF-ADDC-4B8A605E9057}.Debug|x64.Build.0 = Debug|x64
		{1B4EA34F-DEDE-4BBF-ADDC-4B8A605E9057}.Debug|x86.ActiveCfg = Debug|Win32
		{1B4EA34F-DEDE-4BBF-ADDC-4B8A605E9057}.Debug|x86.Build.0 = Debug|Win32
		{1B4EA34F-DEDE-4BBF-ADDC-4B8A605E9057}.Release|x64.ActiveCfg = Release|x64
		{1B4EA34F-DEDE-4BBF-ADDC-4B8A605E9057}.Release|x64.Build.0 = Release|x64
		{1B4EA34F-DEDE-4BBF-ADDC-4B8A605E9057}.Release|x86.ActiveCfg = Release|Win32
		{1B4EA34F-DEDE-4BBF-ADDC-4B8A605E9057}.Release|x86.Build.0 = Release|Win32
	EndGlobalSection
	GlobalSection(SolutionProperties) = preSolution
		HideSolutionNode = FALSE
	EndGlobalSection
	GlobalSection(ExtensibilityGlobals) = postSolution
		SolutionGuid = {470CD3A6-8D74-43A0-A854-85741BF2A016}
	EndGlobalSection
EndGlobal
